
Microsoft Visual Studio Solution File, Format Version 12.00
# Visual Studio 15
VisualStudioVersion = 15.0.27428.2011
MinimumVisualStudioVersion = 10.0.40219.1
Project("{FAE04EC0-301F-11D3-BF4B-00C04F79EFBC}") = "CallRegiApi", "CallRegiApi\CallRegiApi.csproj", "{B802A862-C470-4B21-9A48-B466D5C171EF}"
EndProject
Global
	GlobalSection(SolutionConfigurationPlatforms) = preSolution
		Debug|Any CPU = Debug|Any CPU
		Release|Any CPU = Release|Any CPU
	EndGlobalSection
	GlobalSection(ProjectConfigurationPlatforms) = postSolution
		{B802A862-C470-4B21-9A48-B466D5C171EF}.Debug|Any CPU.ActiveCfg = Debug|Any CPU
		{B802A862-C470-4B21-9A48-B466D5C171EF}.Debug|Any CPU.Build.0 = Debug|Any CPU
		{B802A862-C470-4B21-9A48-B466D5C171EF}.Release|Any CPU.ActiveCfg = Release|Any CPU
		{B802A862-C470-4B21-9A48-B466D5C171EF}.Release|Any CPU.Build.0 = Release|Any CPU
	EndGlobalSection
	GlobalSection(SolutionProperties) = preSolution
		HideSolutionNode = FALSE
	EndGlobalSection
	GlobalSection(ExtensibilityGlobals) = postSolution
		SolutionGuid = {6B01126C-1D6B-4A3B-B172-1BF067C4C026}
	EndGlobalSection
EndGlobal
